
Microsoft Visual Studio Solution File, Format Version 12.00
# Visual Studio Version 17
VisualStudioVersion = 17.5.002.0
MinimumVisualStudioVersion = 10.0.40219.1
Project("{2150E333-8FDC-42A3-9474-1A3956D46DE8}") = "Core", "Core", "{8913B3E4-3241-457F-8329-7141CFCA8961}"
EndProject
Project("{9A19103F-16F7-4668-BE54-9A1E7A4F7556}") = "CarBook.Domain", "Core\CarBook.Domain\CarBook.Domain.csproj", "{5EA996DE-4255-428C-BA83-266C05425B1A}"
EndProject
Project("{2150E333-8FDC-42A3-9474-1A3956D46DE8}") = "Infrastructure", "Infrastructure", "{D4C2B3CE-582F-4761-9E23-8C4B0141A1D1}"
	ProjectSection(SolutionItems) = preProject
		ReadMe = ReadMe
	EndProjectSection
EndProject
Project("{FAE04EC0-301F-11D3-BF4B-00C04F79EFBC}") = "CarBook.Persistence", "Infrastructure\CarBook.Persistence\CarBook.Persistence.csproj", "{EB332610-93C3-4952-A3C2-AA8983D0C9D9}"
EndProject
Project("{2150E333-8FDC-42A3-9474-1A3956D46DE8}") = "Presentation", "Presentation", "{ADDCB776-2CB9-47C9-8BBC-417DD78953D7}"
EndProject
Project("{FAE04EC0-301F-11D3-BF4B-00C04F79EFBC}") = "CarBook.WebApi", "Presentation\CarBook.WebApi\CarBook.WebApi.csproj", "{FB9705E2-1A12-4C52-9293-03594E38FD4A}"
EndProject
Project("{FAE04EC0-301F-11D3-BF4B-00C04F79EFBC}") = "CarBook.Application", "Core\CarBook.Application\CarBook.Application.csproj", "{BD02EA0F-E100-4C9F-B9E1-A1E2B5A4704A}"
EndProject
Project("{2150E333-8FDC-42A3-9474-1A3956D46DE8}") = "Frontend", "Frontend", "{500615EE-49E1-40A1-BE60-31C375DAC80F}"
EndProject
Project("{FAE04EC0-301F-11D3-BF4B-00C04F79EFBC}") = "CarBookWebUI", "Frontend\CarBookWebUI\CarBookWebUI.csproj", "{D1CA12EF-50B7-45EB-87BC-4F3963C8C0F3}"
EndProject
Project("{FAE04EC0-301F-11D3-BF4B-00C04F79EFBC}") = "CarBook.Dto", "Frontend\CarBook.Dto\CarBook.Dto.csproj", "{3D62E8E8-B418-439A-9D9A-24B96EB594C6}"
EndProject
Global
	GlobalSection(SolutionConfigurationPlatforms) = preSolution
		Debug|Any CPU = Debug|Any CPU
		Release|Any CPU = Release|Any CPU
	EndGlobalSection
	GlobalSection(ProjectConfigurationPlatforms) = postSolution
		{5EA996DE-4255-428C-BA83-266C05425B1A}.Debug|Any CPU.ActiveCfg = Debug|Any CPU
		{5EA996DE-4255-428C-BA83-266C05425B1A}.Debug|Any CPU.Build.0 = Debug|Any CPU
		{5EA996DE-4255-428C-BA83-266C05425B1A}.Release|Any CPU.ActiveCfg = Release|Any CPU
		{5EA996DE-4255-428C-BA83-266C05425B1A}.Release|Any CPU.Build.0 = Release|Any CPU
		{EB332610-93C3-4952-A3C2-AA8983D0C9D9}.Debug|Any CPU.ActiveCfg = Debug|Any CPU
		{EB332610-93C3-4952-A3C2-AA8983D0C9D9}.Debug|Any CPU.Build.0 = Debug|Any CPU
		{EB332610-93C3-4952-A3C2-AA8983D0C9D9}.Release|Any CPU.ActiveCfg = Release|Any CPU
		{EB332610-93C3-4952-A3C2-AA8983D0C9D9}.Release|Any CPU.Build.0 = Release|Any CPU
		{FB9705E2-1A12-4C52-9293-03594E38FD4A}.Debug|Any CPU.ActiveCfg = Debug|Any CPU
		{FB9705E2-1A12-4C52-9293-03594E38FD4A}.Debug|Any CPU.Build.0 = Debug|Any CPU
		{FB9705E2-1A12-4C52-9293-03594E38FD4A}.Release|Any CPU.ActiveCfg = Release|Any CPU
		{FB9705E2-1A12-4C52-9293-03594E38FD4A}.Release|Any CPU.Build.0 = Release|Any CPU
		{BD02EA0F-E100-4C9F-B9E1-A1E2B5A4704A}.Debug|Any CPU.ActiveCfg = Debug|Any CPU
		{BD02EA0F-E100-4C9F-B9E1-A1E2B5A4704A}.Debug|Any CPU.Build.0 = Debug|Any CPU
		{BD02EA0F-E100-4C9F-B9E1-A1E2B5A4704A}.Release|Any CPU.ActiveCfg = Release|Any CPU
		{BD02EA0F-E100-4C9F-B9E1-A1E2B5A4704A}.Release|Any CPU.Build.0 = Release|Any CPU
		{D1CA12EF-50B7-45EB-87BC-4F3963C8C0F3}.Debug|Any CPU.ActiveCfg = Debug|Any CPU
		{D1CA12EF-50B7-45EB-87BC-4F3963C8C0F3}.Debug|Any CPU.Build.0 = Debug|Any CPU
		{D1CA12EF-50B7-45EB-87BC-4F3963C8C0F3}.Release|Any CPU.ActiveCfg = Release|Any CPU
		{D1CA12EF-50B7-45EB-87BC-4F3963C8C0F3}.Release|Any CPU.Build.0 = Release|Any CPU
		{3D62E8E8-B418-439A-9D9A-24B96EB594C6}.Debug|Any CPU.ActiveCfg = Debug|Any CPU
		{3D62E8E8-B418-439A-9D9A-24B96EB594C6}.Debug|Any CPU.Build.0 = Debug|Any CPU
		{3D62E8E8-B418-439A-9D9A-24B96EB594C6}.Release|Any CPU.ActiveCfg = Release|Any CPU
		{3D62E8E8-B418-439A-9D9A-24B96EB594C6}.Release|Any CPU.Build.0 = Release|Any CPU
	EndGlobalSection
	GlobalSection(SolutionProperties) = preSolution
		HideSolutionNode = FALSE
	EndGlobalSection
	GlobalSection(NestedProjects) = preSolution
		{5EA996DE-4255-428C-BA83-266C05425B1A} = {8913B3E4-3241-457F-8329-7141CFCA8961}
		{EB332610-93C3-4952-A3C2-AA8983D0C9D9} = {D4C2B3CE-582F-4761-9E23-8C4B0141A1D1}
		{FB9705E2-1A12-4C52-9293-03594E38FD4A} = {ADDCB776-2CB9-47C9-8BBC-417DD78953D7}
		{BD02EA0F-E100-4C9F-B9E1-A1E2B5A4704A} = {8913B3E4-3241-457F-8329-7141CFCA8961}
		{D1CA12EF-50B7-45EB-87BC-4F3963C8C0F3} = {500615EE-49E1-40A1-BE60-31C375DAC80F}
		{3D62E8E8-B418-439A-9D9A-24B96EB594C6} = {500615EE-49E1-40A1-BE60-31C375DAC80F}
	EndGlobalSection
	GlobalSection(ExtensibilityGlobals) = postSolution
		SolutionGuid = {9DB0591A-277B-4F17-ACC2-87D85432C147}
	EndGlobalSection
EndGlobal
